
Microsoft Visual Studio Solution File, Format Version 12.00
# Visual Studio Version 17
VisualStudioVersion = 17.5.002.0
MinimumVisualStudioVersion = 10.0.40219.1
Project("{2150E333-8FDC-42A3-9474-1A3956D46DE8}") = "dotnet", "dotnet", "{457439E5-81D7-4E58-BBEA-06B68823BAB3}"
EndProject
Project("{9A19103F-16F7-4668-BE54-9A1E7A4F7556}") = "chatapp", "dotnet\chatapp\ChatApp.csproj", "{CC38DFD9-D5D5-4C24-B2D8-94AEF2846C6B}"
EndProject
Global
	GlobalSection(SolutionConfigurationPlatforms) = preSolution
		Debug|Any CPU = Debug|Any CPU
		Release|Any CPU = Release|Any CPU
	EndGlobalSection
	GlobalSection(ProjectConfigurationPlatforms) = postSolution
		{CC38DFD9-D5D5-4C24-B2D8-94AEF2846C6B}.Debug|Any CPU.ActiveCfg = Debug|Any CPU
		{CC38DFD9-D5D5-4C24-B2D8-94AEF2846C6B}.Debug|Any CPU.Build.0 = Debug|Any CPU
		{CC38DFD9-D5D5-4C24-B2D8-94AEF2846C6B}.Release|Any CPU.ActiveCfg = Release|Any CPU
		{CC38DFD9-D5D5-4C24-B2D8-94AEF2846C6B}.Release|Any CPU.Build.0 = Release|Any CPU
	EndGlobalSection
	GlobalSection(SolutionProperties) = preSolution
		HideSolutionNode = FALSE
	EndGlobalSection
	GlobalSection(NestedProjects) = preSolution
		{CC38DFD9-D5D5-4C24-B2D8-94AEF2846C6B} = {457439E5-81D7-4E58-BBEA-06B68823BAB3}
	EndGlobalSection
	GlobalSection(ExtensibilityGlobals) = postSolution
		SolutionGuid = {CE51E7F1-14F1-4350-A863-CA7252BA8FBF}
	EndGlobalSection
EndGlobal
